
Microsoft Visual Studio Solution File, Format Version 12.00
# Visual Studio Version 17
VisualStudioVersion = 17.4.33205.214
MinimumVisualStudioVersion = 10.0.40219.1
Project("{FAE04EC0-301F-11D3-BF4B-00C04F79EFBC}") = "Assignment3", "Assignment3\Assignment3.csproj", "{72717E6A-D568-41A5-97E3-C7D7FA666941}"
EndProject
Global
	GlobalSection(SolutionConfigurationPlatforms) = preSolution
		Debug|Any CPU = Debug|Any CPU
		Release|Any CPU = Release|Any CPU
	EndGlobalSection
	GlobalSection(ProjectConfigurationPlatforms) = postSolution
		{72717E6A-D568-41A5-97E3-C7D7FA666941}.Debug|Any CPU.ActiveCfg = Debug|Any CPU
		{72717E6A-D568-41A5-97E3-C7D7FA666941}.Debug|Any CPU.Build.0 = Debug|Any CPU
		{72717E6A-D568-41A5-97E3-C7D7FA666941}.Release|Any CPU.ActiveCfg = Release|Any CPU
		{72717E6A-D568-41A5-97E3-C7D7FA666941}.Release|Any CPU.Build.0 = Release|Any CPU
	EndGlobalSection
	GlobalSection(SolutionProperties) = preSolution
		HideSolutionNode = FALSE
	EndGlobalSection
	GlobalSection(ExtensibilityGlobals) = postSolution
		SolutionGuid = {E0581AAF-7ABA-46B1-BD43-8D791BF7153C}
	EndGlobalSection
EndGlobal
