
Microsoft Visual Studio Solution File, Format Version 12.00
# Visual Studio Version 17
VisualStudioVersion = 17.4.33213.308
MinimumVisualStudioVersion = 10.0.40219.1
Project("{FAE04EC0-301F-11D3-BF4B-00C04F79EFBC}") = "MidTerm", "MidTerm\MidTerm.csproj", "{A7E16AC0-DC20-4A01-9ED5-B1C7975808ED}"
EndProject
Global
	GlobalSection(SolutionConfigurationPlatforms) = preSolution
		Debug|Any CPU = Debug|Any CPU
		Release|Any CPU = Release|Any CPU
	EndGlobalSection
	GlobalSection(ProjectConfigurationPlatforms) = postSolution
		{A7E16AC0-DC20-4A01-9ED5-B1C7975808ED}.Debug|Any CPU.ActiveCfg = Debug|Any CPU
		{A7E16AC0-DC20-4A01-9ED5-B1C7975808ED}.Debug|Any CPU.Build.0 = Debug|Any CPU
		{A7E16AC0-DC20-4A01-9ED5-B1C7975808ED}.Release|Any CPU.ActiveCfg = Release|Any CPU
		{A7E16AC0-DC20-4A01-9ED5-B1C7975808ED}.Release|Any CPU.Build.0 = Release|Any CPU
	EndGlobalSection
	GlobalSection(SolutionProperties) = preSolution
		HideSolutionNode = FALSE
	EndGlobalSection
	GlobalSection(ExtensibilityGlobals) = postSolution
		SolutionGuid = {F89C575F-C6FF-4BC9-8F0D-F4568D06BB51}
	EndGlobalSection
EndGlobal
